// !$*UTF8*$!
{
	archiveVersion = 1;
	classes = {
	};
	objectVersion = 56;
	objects = {

/* Begin PBXBuildFile section */
		18416FB62B820E7200084D8B /* ImageSliderView.swift in Sources */ = {isa = PBXBuildFile; fileRef = 18416FB52B820E7200084D8B /* ImageSliderView.swift */; };
		18416FB82B821EA400084D8B /* SearchBarView.swift in Sources */ = {isa = PBXBuildFile; fileRef = 18416FB72B821EA400084D8B /* SearchBarView.swift */; };
		18416FBA2B823E4100084D8B /* ProductCardView.swift in Sources */ = {isa = PBXBuildFile; fileRef = 18416FB92B823E4100084D8B /* ProductCardView.swift */; };
		18416FBC2B82440D00084D8B /* AppBarView.swift in Sources */ = {isa = PBXBuildFile; fileRef = 18416FBB2B82440D00084D8B /* AppBarView.swift */; };
		18A14A0E2B80FBA400AA9ABB /* EcommerceAppApp.swift in Sources */ = {isa = PBXBuildFile; fileRef = 18A14A0D2B80FBA400AA9ABB /* EcommerceAppApp.swift */; };
		18A14A102B80FBA400AA9ABB /* MainView.swift in Sources */ = {isa = PBXBuildFile; fileRef = 18A14A0F2B80FBA400AA9ABB /* MainView.swift */; };
		18A14A122B80FBA700AA9ABB /* Assets.xcassets in Resources */ = {isa = PBXBuildFile; fileRef = 18A14A112B80FBA700AA9ABB /* Assets.xcassets */; };
		18A14A152B80FBA700AA9ABB /* Preview Assets.xcassets in Resources */ = {isa = PBXBuildFile; fileRef = 18A14A142B80FBA700AA9ABB /* Preview Assets.xcassets */; };
		18B7F52C2B81E75000EF15C4 /* Constants.swift in Sources */ = {isa = PBXBuildFile; fileRef = 18B7F52B2B81E75000EF15C4 /* Constants.swift */; };
		18B7F52E2B81E79100EF15C4 /* WebServicesManager.swift in Sources */ = {isa = PBXBuildFile; fileRef = 18B7F52D2B81E79100EF15C4 /* WebServicesManager.swift */; };
		18B7F5302B81E81700EF15C4 /* ErrorCases.swift in Sources */ = {isa = PBXBuildFile; fileRef = 18B7F52F2B81E81700EF15C4 /* ErrorCases.swift */; };
		18B7F5322B81E93800EF15C4 /* Products.swift in Sources */ = {isa = PBXBuildFile; fileRef = 18B7F5312B81E93800EF15C4 /* Products.swift */; };
		18B7F5342B81F29A00EF15C4 /* ProductsView.swift in Sources */ = {isa = PBXBuildFile; fileRef = 18B7F5332B81F29A00EF15C4 /* ProductsView.swift */; };
		18B7F5372B81F2BC00EF15C4 /* ProductsViewModel.swift in Sources */ = {isa = PBXBuildFile; fileRef = 18B7F5362B81F2BC00EF15C4 /* ProductsViewModel.swift */; };
		18BABB2C2B8385C3001ACD67 /* CategoriesView.swift in Sources */ = {isa = PBXBuildFile; fileRef = 18BABB2B2B8385C3001ACD67 /* CategoriesView.swift */; };
		18BABB2F2B838627001ACD67 /* CategoryCardView.swift in Sources */ = {isa = PBXBuildFile; fileRef = 18BABB2E2B838627001ACD67 /* CategoryCardView.swift */; };
		18BABB312B838A13001ACD67 /* CategoriesViewModel.swift in Sources */ = {isa = PBXBuildFile; fileRef = 18BABB302B838A13001ACD67 /* CategoriesViewModel.swift */; };
		18BABB332B83BA29001ACD67 /* CategoryProductsListView.swift in Sources */ = {isa = PBXBuildFile; fileRef = 18BABB322B83BA29001ACD67 /* CategoryProductsListView.swift */; };
/* End PBXBuildFile section */

/* Begin PBXFileReference section */
		18416FB52B820E7200084D8B /* ImageSliderView.swift */ = {isa = PBXFileReference; lastKnownFileType = sourcecode.swift; path = ImageSliderView.swift; sourceTree = "<group>"; };
		18416FB72B821EA400084D8B /* SearchBarView.swift */ = {isa = PBXFileReference; lastKnownFileType = sourcecode.swift; path = SearchBarView.swift; sourceTree = "<group>"; };
		18416FB92B823E4100084D8B /* ProductCardView.swift */ = {isa = PBXFileReference; lastKnownFileType = sourcecode.swift; path = ProductCardView.swift; sourceTree = "<group>"; };
		18416FBB2B82440D00084D8B /* AppBarView.swift */ = {isa = PBXFileReference; lastKnownFileType = sourcecode.swift; path = AppBarView.swift; sourceTree = "<group>"; };
		18A14A0A2B80FBA400AA9ABB /* EcommerceApp.app */ = {isa = PBXFileReference; explicitFileType = wrapper.application; includeInIndex = 0; path = EcommerceApp.app; sourceTree = BUILT_PRODUCTS_DIR; };
		18A14A0D2B80FBA400AA9ABB /* EcommerceAppApp.swift */ = {isa = PBXFileReference; lastKnownFileType = sourcecode.swift; path = EcommerceAppApp.swift; sourceTree = "<group>"; };
		18A14A0F2B80FBA400AA9ABB /* MainView.swift */ = {isa = PBXFileReference; lastKnownFileType = sourcecode.swift; path = MainView.swift; sourceTree = "<group>"; };
		18A14A112B80FBA700AA9ABB /* Assets.xcassets */ = {isa = PBXFileReference; lastKnownFileType = folder.assetcatalog; path = Assets.xcassets; sourceTree = "<group>"; };
		18A14A142B80FBA700AA9ABB /* Preview Assets.xcassets */ = {isa = PBXFileReference; lastKnownFileType = folder.assetcatalog; path = "Preview Assets.xcassets"; sourceTree = "<group>"; };
		18B7F52B2B81E75000EF15C4 /* Constants.swift */ = {isa = PBXFileReference; lastKnownFileType = sourcecode.swift; path = Constants.swift; sourceTree = "<group>"; };
		18B7F52D2B81E79100EF15C4 /* WebServicesManager.swift */ = {isa = PBXFileReference; lastKnownFileType = sourcecode.swift; path = WebServicesManager.swift; sourceTree = "<group>"; };
		18B7F52F2B81E81700EF15C4 /* ErrorCases.swift */ = {isa = PBXFileReference; lastKnownFileType = sourcecode.swift; path = ErrorCases.swift; sourceTree = "<group>"; };
		18B7F5312B81E93800EF15C4 /* Products.swift */ = {isa = PBXFileReference; lastKnownFileType = sourcecode.swift; path = Products.swift; sourceTree = "<group>"; };
		18B7F5332B81F29A00EF15C4 /* ProductsView.swift */ = {isa = PBXFileReference; lastKnownFileType = sourcecode.swift; path = ProductsView.swift; sourceTree = "<group>"; };
		18B7F5362B81F2BC00EF15C4 /* ProductsViewModel.swift */ = {isa = PBXFileReference; lastKnownFileType = sourcecode.swift; path = ProductsViewModel.swift; sourceTree = "<group>"; };
		18BABB2B2B8385C3001ACD67 /* CategoriesView.swift */ = {isa = PBXFileReference; lastKnownFileType = sourcecode.swift; path = CategoriesView.swift; sourceTree = "<group>"; };
		18BABB2E2B838627001ACD67 /* CategoryCardView.swift */ = {isa = PBXFileReference; lastKnownFileType = sourcecode.swift; path = CategoryCardView.swift; sourceTree = "<group>"; };
		18BABB302B838A13001ACD67 /* CategoriesViewModel.swift */ = {isa = PBXFileReference; lastKnownFileType = sourcecode.swift; path = CategoriesViewModel.swift; sourceTree = "<group>"; };
		18BABB322B83BA29001ACD67 /* CategoryProductsListView.swift */ = {isa = PBXFileReference; lastKnownFileType = sourcecode.swift; path = CategoryProductsListView.swift; sourceTree = "<group>"; };
/* End PBXFileReference section */

/* Begin PBXFrameworksBuildPhase section */
		18A14A072B80FBA400AA9ABB /* Frameworks */ = {
			isa = PBXFrameworksBuildPhase;
			buildActionMask = 2147483647;
			files = (
			);
			runOnlyForDeploymentPostprocessing = 0;
		};
/* End PBXFrameworksBuildPhase section */

/* Begin PBXGroup section */
		18416FB32B81F4C900084D8B /* Components */ = {
			isa = PBXGroup;
			children = (
				18416FB52B820E7200084D8B /* ImageSliderView.swift */,
				18416FB72B821EA400084D8B /* SearchBarView.swift */,
				18416FB92B823E4100084D8B /* ProductCardView.swift */,
				18416FBB2B82440D00084D8B /* AppBarView.swift */,
			);
			path = Components;
			sourceTree = "<group>";
		};
		18A14A012B80FBA400AA9ABB = {
			isa = PBXGroup;
			children = (
				18A14A0C2B80FBA400AA9ABB /* EcommerceApp */,
				18A14A0B2B80FBA400AA9ABB /* Products */,
			);
			sourceTree = "<group>";
		};
		18A14A0B2B80FBA400AA9ABB /* Products */ = {
			isa = PBXGroup;
			children = (
				18A14A0A2B80FBA400AA9ABB /* EcommerceApp.app */,
			);
			name = Products;
			sourceTree = "<group>";
		};
		18A14A0C2B80FBA400AA9ABB /* EcommerceApp */ = {
			isa = PBXGroup;
			children = (
				18B7F52A2B81E73E00EF15C4 /* Utils */,
				18B7F5292B81E69100EF15C4 /* Managers */,
				18B7F5282B81E68800EF15C4 /* Views */,
				18B7F5272B81E65F00EF15C4 /* Model */,
				18A14A0D2B80FBA400AA9ABB /* EcommerceAppApp.swift */,
				18A14A112B80FBA700AA9ABB /* Assets.xcassets */,
				18A14A132B80FBA700AA9ABB /* Preview Content */,
			);
			path = EcommerceApp;
			sourceTree = "<group>";
		};
		18A14A132B80FBA700AA9ABB /* Preview Content */ = {
			isa = PBXGroup;
			children = (
				18A14A142B80FBA700AA9ABB /* Preview Assets.xcassets */,
			);
			path = "Preview Content";
			sourceTree = "<group>";
		};
		18B7F5272B81E65F00EF15C4 /* Model */ = {
			isa = PBXGroup;
			children = (
				18B7F5312B81E93800EF15C4 /* Products.swift */,
			);
			path = Model;
			sourceTree = "<group>";
		};
		18B7F5282B81E68800EF15C4 /* Views */ = {
			isa = PBXGroup;
			children = (
				18BABB2A2B83859F001ACD67 /* CategoriesView */,
				18B7F5352B81F2A300EF15C4 /* ProductsView */,
				18A14A0F2B80FBA400AA9ABB /* MainView.swift */,
			);
			path = Views;
			sourceTree = "<group>";
		};
		18B7F5292B81E69100EF15C4 /* Managers */ = {
			isa = PBXGroup;
			children = (
				18B7F52D2B81E79100EF15C4 /* WebServicesManager.swift */,
				18B7F52F2B81E81700EF15C4 /* ErrorCases.swift */,
			);
			path = Managers;
			sourceTree = "<group>";
		};
		18B7F52A2B81E73E00EF15C4 /* Utils */ = {
			isa = PBXGroup;
			children = (
				18B7F52B2B81E75000EF15C4 /* Constants.swift */,
			);
			path = Utils;
			sourceTree = "<group>";
		};
		18B7F5352B81F2A300EF15C4 /* ProductsView */ = {
			isa = PBXGroup;
			children = (
				18416FB32B81F4C900084D8B /* Components */,
				18B7F5332B81F29A00EF15C4 /* ProductsView.swift */,
				18B7F5362B81F2BC00EF15C4 /* ProductsViewModel.swift */,
			);
			path = ProductsView;
			sourceTree = "<group>";
		};
		18BABB2A2B83859F001ACD67 /* CategoriesView */ = {
			isa = PBXGroup;
			children = (
				18BABB2D2B838600001ACD67 /* Components */,
				18BABB2B2B8385C3001ACD67 /* CategoriesView.swift */,
				18BABB302B838A13001ACD67 /* CategoriesViewModel.swift */,
			);
			path = CategoriesView;
			sourceTree = "<group>";
		};
		18BABB2D2B838600001ACD67 /* Components */ = {
			isa = PBXGroup;
			children = (
				18BABB2E2B838627001ACD67 /* CategoryCardView.swift */,
				18BABB322B83BA29001ACD67 /* CategoryProductsListView.swift */,
			);
			path = Components;
			sourceTree = "<group>";
		};
/* End PBXGroup section */

/* Begin PBXNativeTarget section */
		18A14A092B80FBA400AA9ABB /* EcommerceApp */ = {
			isa = PBXNativeTarget;
			buildConfigurationList = 18A14A182B80FBA700AA9ABB /* Build configuration list for PBXNativeTarget "EcommerceApp" */;
			buildPhases = (
				18A14A062B80FBA400AA9ABB /* Sources */,
				18A14A072B80FBA400AA9ABB /* Frameworks */,
				18A14A082B80FBA400AA9ABB /* Resources */,
			);
			buildRules = (
			);
			dependencies = (
			);
			name = EcommerceApp;
			productName = EcommerceApp;
			productReference = 18A14A0A2B80FBA400AA9ABB /* EcommerceApp.app */;
			productType = "com.apple.product-type.application";
		};
/* End PBXNativeTarget section */

/* Begin PBXProject section */
		18A14A022B80FBA400AA9ABB /* Project object */ = {
			isa = PBXProject;
			attributes = {
				BuildIndependentTargetsInParallel = 1;
				LastSwiftUpdateCheck = 1520;
				LastUpgradeCheck = 1520;
				TargetAttributes = {
					18A14A092B80FBA400AA9ABB = {
						CreatedOnToolsVersion = 15.2;
					};
				};
			};
			buildConfigurationList = 18A14A052B80FBA400AA9ABB /* Build configuration list for PBXProject "EcommerceApp" */;
			compatibilityVersion = "Xcode 14.0";
			developmentRegion = en;
			hasScannedForEncodings = 0;
			knownRegions = (
				en,
				Base,
			);
			mainGroup = 18A14A012B80FBA400AA9ABB;
			productRefGroup = 18A14A0B2B80FBA400AA9ABB /* Products */;
			projectDirPath = "";
			projectRoot = "";
			targets = (
				18A14A092B80FBA400AA9ABB /* EcommerceApp */,
			);
		};
/* End PBXProject section */

/* Begin PBXResourcesBuildPhase section */
		18A14A082B80FBA400AA9ABB /* Resources */ = {
			isa = PBXResourcesBuildPhase;
			buildActionMask = 2147483647;
			files = (
				18A14A152B80FBA700AA9ABB /* Preview Assets.xcassets in Resources */,
				18A14A122B80FBA700AA9ABB /* Assets.xcassets in Resources */,
			);
			runOnlyForDeploymentPostprocessing = 0;
		};
/* End PBXResourcesBuildPhase section */

/* Begin PBXSourcesBuildPhase section */
		18A14A062B80FBA400AA9ABB /* Sources */ = {
			isa = PBXSourcesBuildPhase;
			buildActionMask = 2147483647;
			files = (
				18BABB312B838A13001ACD67 /* CategoriesViewModel.swift in Sources */,
				18BABB2F2B838627001ACD67 /* CategoryCardView.swift in Sources */,
				18BABB332B83BA29001ACD67 /* CategoryProductsListView.swift in Sources */,
				18416FB62B820E7200084D8B /* ImageSliderView.swift in Sources */,
				18B7F5342B81F29A00EF15C4 /* ProductsView.swift in Sources */,
				18B7F52E2B81E79100EF15C4 /* WebServicesManager.swift in Sources */,
				18B7F5372B81F2BC00EF15C4 /* ProductsViewModel.swift in Sources */,
				18BABB2C2B8385C3001ACD67 /* CategoriesView.swift in Sources */,
				18A14A102B80FBA400AA9ABB /* MainView.swift in Sources */,
				18B7F5302B81E81700EF15C4 /* ErrorCases.swift in Sources */,
				18416FB82B821EA400084D8B /* SearchBarView.swift in Sources */,
				18B7F5322B81E93800EF15C4 /* Products.swift in Sources */,
				18416FBC2B82440D00084D8B /* AppBarView.swift in Sources */,
				18A14A0E2B80FBA400AA9ABB /* EcommerceAppApp.swift in Sources */,
				18416FBA2B823E4100084D8B /* ProductCardView.swift in Sources */,
				18B7F52C2B81E75000EF15C4 /* Constants.swift in Sources */,
			);
			runOnlyForDeploymentPostprocessing = 0;
		};
/* End PBXSourcesBuildPhase section */

/* Begin XCBuildConfiguration section */
		18A14A162B80FBA700AA9ABB /* Debug */ = {
			isa = XCBuildConfiguration;
			buildSettings = {
				ALWAYS_SEARCH_USER_PATHS = NO;
				ASSETCATALOG_COMPILER_GENERATE_SWIFT_ASSET_SYMBOL_EXTENSIONS = YES;
				CLANG_ANALYZER_NONNULL = YES;
				CLANG_ANALYZER_NUMBER_OBJECT_CONVERSION = YES_AGGRESSIVE;
				CLANG_CXX_LANGUAGE_STANDARD = "gnu++20";
				CLANG_ENABLE_MODULES = YES;
				CLANG_ENABLE_OBJC_ARC = YES;
				CLANG_ENABLE_OBJC_WEAK = YES;
				CLANG_WARN_BLOCK_CAPTURE_AUTORELEASING = YES;
				CLANG_WARN_BOOL_CONVERSION = YES;
				CLANG_WARN_COMMA = YES;
				CLANG_WARN_CONSTANT_CONVERSION = YES;
				CLANG_WARN_DEPRECATED_OBJC_IMPLEMENTATIONS = YES;
				CLANG_WARN_DIRECT_OBJC_ISA_USAGE = YES_ERROR;
				CLANG_WARN_DOCUMENTATION_COMMENTS = YES;
				CLANG_WARN_EMPTY_BODY = YES;
				CLANG_WARN_ENUM_CONVERSION = YES;
				CLANG_WARN_INFINITE_RECURSION = YES;
				CLANG_WARN_INT_CONVERSION = YES;
				CLANG_WARN_NON_LITERAL_NULL_CONVERSION = YES;
				CLANG_WARN_OBJC_IMPLICIT_RETAIN_SELF = YES;
				CLANG_WARN_OBJC_LITERAL_CONVERSION = YES;
				CLANG_WARN_OBJC_ROOT_CLASS = YES_ERROR;
				CLANG_WARN_QUOTED_INCLUDE_IN_FRAMEWORK_HEADER = YES;
				CLANG_WARN_RANGE_LOOP_ANALYSIS = YES;
				CLANG_WARN_STRICT_PROTOTYPES = YES;
				CLANG_WARN_SUSPICIOUS_MOVE = YES;
				CLANG_WARN_UNGUARDED_AVAILABILITY = YES_AGGRESSIVE;
				CLANG_WARN_UNREACHABLE_CODE = YES;
				CLANG_WARN__DUPLICATE_METHOD_MATCH = YES;
				COPY_PHASE_STRIP = NO;
				DEBUG_INFORMATION_FORMAT = dwarf;
				ENABLE_STRICT_OBJC_MSGSEND = YES;
				ENABLE_TESTABILITY = YES;
				ENABLE_USER_SCRIPT_SANDBOXING = YES;
				GCC_C_LANGUAGE_STANDARD = gnu17;
				GCC_DYNAMIC_NO_PIC = NO;
				GCC_NO_COMMON_BLOCKS = YES;
				GCC_OPTIMIZATION_LEVEL = 0;
				GCC_PREPROCESSOR_DEFINITIONS = (
					"DEBUG=1",
					"$(inherited)",
				);
				GCC_WARN_64_TO_32_BIT_CONVERSION = YES;
				GCC_WARN_ABOUT_RETURN_TYPE = YES_ERROR;
				GCC_WARN_UNDECLARED_SELECTOR = YES;
				GCC_WARN_UNINITIALIZED_AUTOS = YES_AGGRESSIVE;
				GCC_WARN_UNUSED_FUNCTION = YES;
				GCC_WARN_UNUSED_VARIABLE = YES;
				IPHONEOS_DEPLOYMENT_TARGET = 17.2;
				LOCALIZATION_PREFERS_STRING_CATALOGS = YES;
				MTL_ENABLE_DEBUG_INFO = INCLUDE_SOURCE;
				MTL_FAST_MATH = YES;
				ONLY_ACTIVE_ARCH = YES;
				SDKROOT = iphoneos;
				SWIFT_ACTIVE_COMPILATION_CONDITIONS = "DEBUG $(inherited)";
				SWIFT_OPTIMIZATION_LEVEL = "-Onone";
			};
			name = Debug;
		};
		18A14A172B80FBA700AA9ABB /* Release */ = {
			isa = XCBuildConfiguration;
			buildSettings = {
				ALWAYS_SEARCH_USER_PATHS = NO;
				ASSETCATALOG_COMPILER_GENERATE_SWIFT_ASSET_SYMBOL_EXTENSIONS = YES;
				CLANG_ANALYZER_NONNULL = YES;
				CLANG_ANALYZER_NUMBER_OBJECT_CONVERSION = YES_AGGRESSIVE;
				CLANG_CXX_LANGUAGE_STANDARD = "gnu++20";
				CLANG_ENABLE_MODULES = YES;
				CLANG_ENABLE_OBJC_ARC = YES;
				CLANG_ENABLE_OBJC_WEAK = YES;
				CLANG_WARN_BLOCK_CAPTURE_AUTORELEASING = YES;
				CLANG_WARN_BOOL_CONVERSION = YES;
				CLANG_WARN_COMMA = YES;
				CLANG_WARN_CONSTANT_CONVERSION = YES;
				CLANG_WARN_DEPRECATED_OBJC_IMPLEMENTATIONS = YES;
				CLANG_WARN_DIRECT_OBJC_ISA_USAGE = YES_ERROR;
				CLANG_WARN_DOCUMENTATION_COMMENTS = YES;
				CLANG_WARN_EMPTY_BODY = YES;
				CLANG_WARN_ENUM_CONVERSION = YES;
				CLANG_WARN_INFINITE_RECURSION = YES;
				CLANG_WARN_INT_CONVERSION = YES;
				CLANG_WARN_NON_LITERAL_NULL_CONVERSION = YES;
				CLANG_WARN_OBJC_IMPLICIT_RETAIN_SELF = YES;
				CLANG_WARN_OBJC_LITERAL_CONVERSION = YES;
				CLANG_WARN_OBJC_ROOT_CLASS = YES_ERROR;
				CLANG_WARN_QUOTED_INCLUDE_IN_FRAMEWORK_HEADER = YES;
				CLANG_WARN_RANGE_LOOP_ANALYSIS = YES;
				CLANG_WARN_STRICT_PROTOTYPES = YES;
				CLANG_WARN_SUSPICIOUS_MOVE = YES;
				CLANG_WARN_UNGUARDED_AVAILABILITY = YES_AGGRESSIVE;
				CLANG_WARN_UNREACHABLE_CODE = YES;
				CLANG_WARN__DUPLICATE_METHOD_MATCH = YES;
				COPY_PHASE_STRIP = NO;
				DEBUG_INFORMATION_FORMAT = "dwarf-with-dsym";
				ENABLE_NS_ASSERTIONS = NO;
				ENABLE_STRICT_OBJC_MSGSEND = YES;
				ENABLE_USER_SCRIPT_SANDBOXING = YES;
				GCC_C_LANGUAGE_STANDARD = gnu17;
				GCC_NO_COMMON_BLOCKS = YES;
				GCC_WARN_64_TO_32_BIT_CONVERSION = YES;
				GCC_WARN_ABOUT_RETURN_TYPE = YES_ERROR;
				GCC_WARN_UNDECLARED_SELECTOR = YES;
				GCC_WARN_UNINITIALIZED_AUTOS = YES_AGGRESSIVE;
				GCC_WARN_UNUSED_FUNCTION = YES;
				GCC_WARN_UNUSED_VARIABLE = YES;
				IPHONEOS_DEPLOYMENT_TARGET = 17.2;
				LOCALIZATION_PREFERS_STRING_CATALOGS = YES;
				MTL_ENABLE_DEBUG_INFO = NO;
				MTL_FAST_MATH = YES;
				SDKROOT = iphoneos;
				SWIFT_COMPILATION_MODE = wholemodule;
				VALIDATE_PRODUCT = YES;
			};
			name = Release;
		};
		18A14A192B80FBA700AA9ABB /* Debug */ = {
			isa = XCBuildConfiguration;
			buildSettings = {
				ASSETCATALOG_COMPILER_APPICON_NAME = AppIcon;
				ASSETCATALOG_COMPILER_GLOBAL_ACCENT_COLOR_NAME = AccentColor;
				CODE_SIGN_STYLE = Automatic;
				CURRENT_PROJECT_VERSION = 1;
				DEVELOPMENT_ASSET_PATHS = "\"EcommerceApp/Preview Content\"";
				ENABLE_PREVIEWS = YES;
				GENERATE_INFOPLIST_FILE = YES;
				INFOPLIST_KEY_UIApplicationSceneManifest_Generation = YES;
				INFOPLIST_KEY_UIApplicationSupportsIndirectInputEvents = YES;
				INFOPLIST_KEY_UILaunchScreen_Generation = YES;
				INFOPLIST_KEY_UISupportedInterfaceOrientations_iPad = "UIInterfaceOrientationPortrait UIInterfaceOrientationPortraitUpsideDown UIInterfaceOrientationLandscapeLeft UIInterfaceOrientationLandscapeRight";
				INFOPLIST_KEY_UISupportedInterfaceOrientations_iPhone = "UIInterfaceOrientationPortrait UIInterfaceOrientationLandscapeLeft UIInterfaceOrientationLandscapeRight";
				LD_RUNPATH_SEARCH_PATHS = (
					"$(inherited)",
					"@executable_path/Frameworks",
				);
				MARKETING_VERSION = 1.0;
				PRODUCT_BUNDLE_IDENTIFIER = com.sab.EcommerceApp;
				PRODUCT_NAME = "$(TARGET_NAME)";
				SWIFT_EMIT_LOC_STRINGS = YES;
				SWIFT_VERSION = 5.0;
				TARGETED_DEVICE_FAMILY = "1,2";
			};
			name = Debug;
		};
		18A14A1A2B80FBA700AA9ABB /* Release */ = {
			isa = XCBuildConfiguration;
			buildSettings = {
				ASSETCATALOG_COMPILER_APPICON_NAME = AppIcon;
				ASSETCATALOG_COMPILER_GLOBAL_ACCENT_COLOR_NAME = AccentColor;
				CODE_SIGN_STYLE = Automatic;
				CURRENT_PROJECT_VERSION = 1;
				DEVELOPMENT_ASSET_PATHS = "\"EcommerceApp/Preview Content\"";
				ENABLE_PREVIEWS = YES;
				GENERATE_INFOPLIST_FILE = YES;
				INFOPLIST_KEY_UIApplicationSceneManifest_Generation = YES;
				INFOPLIST_KEY_UIApplicationSupportsIndirectInputEvents = YES;
				INFOPLIST_KEY_UILaunchScreen_Generation = YES;
				INFOPLIST_KEY_UISupportedInterfaceOrientations_iPad = "UIInterfaceOrientationPortrait UIInterfaceOrientationPortraitUpsideDown UIInterfaceOrientationLandscapeLeft UIInterfaceOrientationLandscapeRight";
				INFOPLIST_KEY_UISupportedInterfaceOrientations_iPhone = "UIInterfaceOrientationPortrait UIInterfaceOrientationLandscapeLeft UIInterfaceOrientationLandscapeRight";
				LD_RUNPATH_SEARCH_PATHS = (
					"$(inherited)",
					"@executable_path/Frameworks",
				);
				MARKETING_VERSION = 1.0;
				PRODUCT_BUNDLE_IDENTIFIER = com.sab.EcommerceApp;
				PRODUCT_NAME = "$(TARGET_NAME)";
				SWIFT_EMIT_LOC_STRINGS = YES;
				SWIFT_VERSION = 5.0;
				TARGETED_DEVICE_FAMILY = "1,2";
			};
			name = Release;
		};
/* End XCBuildConfiguration section */

/* Begin XCConfigurationList section */
		18A14A052B80FBA400AA9ABB /* Build configuration list for PBXProject "EcommerceApp" */ = {
			isa = XCConfigurationList;
			buildConfigurations = (
				18A14A162B80FBA700AA9ABB /* Debug */,
				18A14A172B80FBA700AA9ABB /* Release */,
			);
			defaultConfigurationIsVisible = 0;
			defaultConfigurationName = Release;
		};
		18A14A182B80FBA700AA9ABB /* Build configuration list for PBXNativeTarget "EcommerceApp" */ = {
			isa = XCConfigurationList;
			buildConfigurations = (
				18A14A192B80FBA700AA9ABB /* Debug */,
				18A14A1A2B80FBA700AA9ABB /* Release */,
			);
			defaultConfigurationIsVisible = 0;
			defaultConfigurationName = Release;
		};
/* End XCConfigurationList section */
	};
	rootObject = 18A14A022B80FBA400AA9ABB /* Project object */;
}
